
Microsoft Visual Studio Solution File, Format Version 12.00
# Visual Studio Version 16
VisualStudioVersion = 16.0.29609.76
MinimumVisualStudioVersion = 10.0.40219.1
Project("{9A19103F-16F7-4668-BE54-9A1E7A4F7556}") = "Jack.Storage.MemoryObjects", "Jack.Storage.MemoryObjects\Jack.Storage.MemoryObjects.csproj", "{6DA9FDC8-DC68-4B83-9B2E-67224FC59630}"
EndProject
Project("{9A19103F-16F7-4668-BE54-9A1E7A4F7556}") = "UnitTestProject1", "UnitTestProject1\UnitTestProject1.csproj", "{01EE7685-6F91-41E9-9A14-035F73D48981}"
EndProject
Project("{9A19103F-16F7-4668-BE54-9A1E7A4F7556}") = "Jack.Storage.MemoryObjects.Server", "Jack.Storage.MemoryObjects.Server\Jack.Storage.MemoryObjects.Server.csproj", "{716D1EFF-157B-496D-916B-835D14122740}"
EndProject
Project("{9A19103F-16F7-4668-BE54-9A1E7A4F7556}") = "TestServer", "TestServer\TestServer.csproj", "{2EB29CB3-8A67-4A5A-A023-0CDED47EDD90}"
EndProject
Project("{9A19103F-16F7-4668-BE54-9A1E7A4F7556}") = "TestClient", "TestClient\TestClient.csproj", "{96C7CF37-49AA-4D4B-86FC-B17BFD2FCA50}"
EndProject
Project("{9A19103F-16F7-4668-BE54-9A1E7A4F7556}") = "Jack.Storage.MemoryObjects.Framework", "Jack.Storage.MemoryObjects.Framework\Jack.Storage.MemoryObjects.Framework.csproj", "{C9AEAE62-4F3B-45CB-8E6B-C46728330E32}"
EndProject
Project("{FAE04EC0-301F-11D3-BF4B-00C04F79EFBC}") = "UnitTestProject2", "UnitTestProject2\UnitTestProject2.csproj", "{D816CDA4-6C5A-40AD-BEC5-3E4FCE834F1A}"
EndProject
Global
	GlobalSection(SolutionConfigurationPlatforms) = preSolution
		Debug|Any CPU = Debug|Any CPU
		Release|Any CPU = Release|Any CPU
	EndGlobalSection
	GlobalSection(ProjectConfigurationPlatforms) = postSolution
		{6DA9FDC8-DC68-4B83-9B2E-67224FC59630}.Debug|Any CPU.ActiveCfg = Debug|Any CPU
		{6DA9FDC8-DC68-4B83-9B2E-67224FC59630}.Debug|Any CPU.Build.0 = Debug|Any CPU
		{6DA9FDC8-DC68-4B83-9B2E-67224FC59630}.Release|Any CPU.ActiveCfg = Release|Any CPU
		{6DA9FDC8-DC68-4B83-9B2E-67224FC59630}.Release|Any CPU.Build.0 = Release|Any CPU
		{01EE7685-6F91-41E9-9A14-035F73D48981}.Debug|Any CPU.ActiveCfg = Debug|Any CPU
		{01EE7685-6F91-41E9-9A14-035F73D48981}.Debug|Any CPU.Build.0 = Debug|Any CPU
		{01EE7685-6F91-41E9-9A14-035F73D48981}.Release|Any CPU.ActiveCfg = Release|Any CPU
		{01EE7685-6F91-41E9-9A14-035F73D48981}.Release|Any CPU.Build.0 = Release|Any CPU
		{716D1EFF-157B-496D-916B-835D14122740}.Debug|Any CPU.ActiveCfg = Debug|Any CPU
		{716D1EFF-157B-496D-916B-835D14122740}.Debug|Any CPU.Build.0 = Debug|Any CPU
		{716D1EFF-157B-496D-916B-835D14122740}.Release|Any CPU.ActiveCfg = Release|Any CPU
		{716D1EFF-157B-496D-916B-835D14122740}.Release|Any CPU.Build.0 = Release|Any CPU
		{2EB29CB3-8A67-4A5A-A023-0CDED47EDD90}.Debug|Any CPU.ActiveCfg = Debug|Any CPU
		{2EB29CB3-8A67-4A5A-A023-0CDED47EDD90}.Debug|Any CPU.Build.0 = Debug|Any CPU
		{2EB29CB3-8A67-4A5A-A023-0CDED47EDD90}.Release|Any CPU.ActiveCfg = Release|Any CPU
		{2EB29CB3-8A67-4A5A-A023-0CDED47EDD90}.Release|Any CPU.Build.0 = Release|Any CPU
		{96C7CF37-49AA-4D4B-86FC-B17BFD2FCA50}.Debug|Any CPU.ActiveCfg = Debug|Any CPU
		{96C7CF37-49AA-4D4B-86FC-B17BFD2FCA50}.Debug|Any CPU.Build.0 = Debug|Any CPU
		{96C7CF37-49AA-4D4B-86FC-B17BFD2FCA50}.Release|Any CPU.ActiveCfg = Release|Any CPU
		{96C7CF37-49AA-4D4B-86FC-B17BFD2FCA50}.Release|Any CPU.Build.0 = Release|Any CPU
		{C9AEAE62-4F3B-45CB-8E6B-C46728330E32}.Debug|Any CPU.ActiveCfg = Debug|Any CPU
		{C9AEAE62-4F3B-45CB-8E6B-C46728330E32}.Debug|Any CPU.Build.0 = Debug|Any CPU
		{C9AEAE62-4F3B-45CB-8E6B-C46728330E32}.Release|Any CPU.ActiveCfg = Release|Any CPU
		{C9AEAE62-4F3B-45CB-8E6B-C46728330E32}.Release|Any CPU.Build.0 = Release|Any CPU
		{D816CDA4-6C5A-40AD-BEC5-3E4FCE834F1A}.Debug|Any CPU.ActiveCfg = Debug|Any CPU
		{D816CDA4-6C5A-40AD-BEC5-3E4FCE834F1A}.Debug|Any CPU.Build.0 = Debug|Any CPU
		{D816CDA4-6C5A-40AD-BEC5-3E4FCE834F1A}.Release|Any CPU.ActiveCfg = Release|Any CPU
		{D816CDA4-6C5A-40AD-BEC5-3E4FCE834F1A}.Release|Any CPU.Build.0 = Release|Any CPU
	EndGlobalSection
	GlobalSection(SolutionProperties) = preSolution
		HideSolutionNode = FALSE
	EndGlobalSection
	GlobalSection(ExtensibilityGlobals) = postSolution
		SolutionGuid = {F9425C31-B732-4A1A-8E67-B37EC597C3D7}
	EndGlobalSection
EndGlobal
